Microsoft Visual Studio Solution File, Format Version 11.00
# Visual Studio 2008

Project("{FA802AF0-24CA-478A-4F54-4F28DD5D145F}") = "vr-balls", "Assembly-CSharp.csproj", "{47DF3070-8458-873D-E472-2D35414FC94F}"
EndProject
Project("{FA802AF0-24CA-478A-4F54-4F28DD5D145F}") = "vr-balls", "Assembly-CSharp-Editor.csproj", "{24DFBEAB-975A-25F7-E31E-3B4E9850AEF6}"
EndProject
Global
	GlobalSection(SolutionConfigurationPlatforms) = preSolution
		Debug|Any CPU = Debug|Any CPU
		Release|Any CPU = Release|Any CPU
	EndGlobalSection
	GlobalSection(ProjectConfigurationPlatforms) = postSolution
		{47DF3070-8458-873D-E472-2D35414FC94F}.Debug|Any CPU.ActiveCfg = Debug|Any CPU
		{47DF3070-8458-873D-E472-2D35414FC94F}.Debug|Any CPU.Build.0 = Debug|Any CPU
		{47DF3070-8458-873D-E472-2D35414FC94F}.Release|Any CPU.ActiveCfg = Release|Any CPU
		{47DF3070-8458-873D-E472-2D35414FC94F}.Release|Any CPU.Build.0 = Release|Any CPU
		{24DFBEAB-975A-25F7-E31E-3B4E9850AEF6}.Debug|Any CPU.ActiveCfg = Debug|Any CPU
		{24DFBEAB-975A-25F7-E31E-3B4E9850AEF6}.Debug|Any CPU.Build.0 = Debug|Any CPU
		{24DFBEAB-975A-25F7-E31E-3B4E9850AEF6}.Release|Any CPU.ActiveCfg = Release|Any CPU
		{24DFBEAB-975A-25F7-E31E-3B4E9850AEF6}.Release|Any CPU.Build.0 = Release|Any CPU
	EndGlobalSection
	GlobalSection(SolutionProperties) = preSolution
		HideSolutionNode = FALSE
	EndGlobalSection
	GlobalSection(MonoDevelopProperties) = preSolution
		StartupItem = Assembly-CSharp.csproj
	EndGlobalSection
EndGlobal
